<?xml version="1.0" encoding="utf-8"?>
<Project ToolsVersion="4.0" xmlns="http://schemas.microsoft.com/developer/msbuild/2003">
  <ItemGroup>
    <ClCompile Include="PrototypeGame.cpp">
      <Filter>Source Files</Filter>
    </ClCompile>
    <ClCompile Include="states\LogoStateManager.cpp">
      <Filter>Source Files</Filter>
    </ClCompile>
    <ClCompile Include="states\MenuStateManager.cpp">
      <Filter>Source Files</Filter>
    </ClCompile>
    <ClCompile Include="states\TransitionStateManager.cpp">
      <Filter>Source Files</Filter>
    </ClCompile>
  </ItemGroup>
  <ItemGroup>
    <ClInclude Include="DepthLayer.h">
      <Filter>Header Files</Filter>
    </ClInclude>
    <ClInclude Include="PrototypeGame.h">
      <Filter>Header Files</Filter>
    </ClInclude>
  </ItemGroup>
  <ItemGroup>
    <CustomBuild Include="CMakeLists.txt" />
  </ItemGroup>
  <ItemGroup>
    <Filter Include="Source Files">
      <UniqueIdentifier>{0B877CD6-2A40-44F7-AB92-B9EEC56B96FB}</UniqueIdentifier>
    </Filter>
    <Filter Include="Header Files">
      <UniqueIdentifier>{C0B894E4-7635-4C28-8E9A-9A1FC5B6F38E}</UniqueIdentifier>
    </Filter>
  </ItemGroup>
</Project>
